
Microsoft Visual Studio Solution File, Format Version 12.00
# Visual Studio Version 16
VisualStudioVersion = 16.0.30907.101
MinimumVisualStudioVersion = 10.0.40219.1
Project("{9A19103F-16F7-4668-BE54-9A1E7A4F7556}") = "DataAccess", "DataAccess\DataAccess.csproj", "{D840062F-7943-4A21-B3D7-6A531AA328AA}"
EndProject
Project("{9A19103F-16F7-4668-BE54-9A1E7A4F7556}") = "Business", "Business\Business.csproj", "{B4D310E1-A2C3-423F-9EC0-C9DAA117052A}"
EndProject
Project("{9A19103F-16F7-4668-BE54-9A1E7A4F7556}") = "Entities", "Entities\Entities.csproj", "{418157C0-E3EE-493D-896B-CD5BA44B7A05}"
EndProject
Project("{9A19103F-16F7-4668-BE54-9A1E7A4F7556}") = "ConsoleUI", "ConsoleUI\ConsoleUI.csproj", "{A6CC6076-F892-4DD5-BED9-24E6E09229A8}"
EndProject
Project("{FAE04EC0-301F-11D3-BF4B-00C04F79EFBC}") = "Core", "Core\Core.csproj", "{032E9C5A-15D0-4407-8F02-C64D647272D4}"
EndProject
Global
	GlobalSection(SolutionConfigurationPlatforms) = preSolution
		Debug|Any CPU = Debug|Any CPU
		Release|Any CPU = Release|Any CPU
	EndGlobalSection
	GlobalSection(ProjectConfigurationPlatforms) = postSolution
		{D840062F-7943-4A21-B3D7-6A531AA328AA}.Debug|Any CPU.ActiveCfg = Debug|Any CPU
		{D840062F-7943-4A21-B3D7-6A531AA328AA}.Debug|Any CPU.Build.0 = Debug|Any CPU
		{D840062F-7943-4A21-B3D7-6A531AA328AA}.Release|Any CPU.ActiveCfg = Release|Any CPU
		{D840062F-7943-4A21-B3D7-6A531AA328AA}.Release|Any CPU.Build.0 = Release|Any CPU
		{B4D310E1-A2C3-423F-9EC0-C9DAA117052A}.Debug|Any CPU.ActiveCfg = Debug|Any CPU
		{B4D310E1-A2C3-423F-9EC0-C9DAA117052A}.Debug|Any CPU.Build.0 = Debug|Any CPU
		{B4D310E1-A2C3-423F-9EC0-C9DAA117052A}.Release|Any CPU.ActiveCfg = Release|Any CPU
		{B4D310E1-A2C3-423F-9EC0-C9DAA117052A}.Release|Any CPU.Build.0 = Release|Any CPU
		{418157C0-E3EE-493D-896B-CD5BA44B7A05}.Debug|Any CPU.ActiveCfg = Debug|Any CPU
		{418157C0-E3EE-493D-896B-CD5BA44B7A05}.Debug|Any CPU.Build.0 = Debug|Any CPU
		{418157C0-E3EE-493D-896B-CD5BA44B7A05}.Release|Any CPU.ActiveCfg = Release|Any CPU
		{418157C0-E3EE-493D-896B-CD5BA44B7A05}.Release|Any CPU.Build.0 = Release|Any CPU
		{A6CC6076-F892-4DD5-BED9-24E6E09229A8}.Debug|Any CPU.ActiveCfg = Debug|Any CPU
		{A6CC6076-F892-4DD5-BED9-24E6E09229A8}.Debug|Any CPU.Build.0 = Debug|Any CPU
		{A6CC6076-F892-4DD5-BED9-24E6E09229A8}.Release|Any CPU.ActiveCfg = Release|Any CPU
		{A6CC6076-F892-4DD5-BED9-24E6E09229A8}.Release|Any CPU.Build.0 = Release|Any CPU
		{032E9C5A-15D0-4407-8F02-C64D647272D4}.Debug|Any CPU.ActiveCfg = Debug|Any CPU
		{032E9C5A-15D0-4407-8F02-C64D647272D4}.Debug|Any CPU.Build.0 = Debug|Any CPU
		{032E9C5A-15D0-4407-8F02-C64D647272D4}.Release|Any CPU.ActiveCfg = Release|Any CPU
		{032E9C5A-15D0-4407-8F02-C64D647272D4}.Release|Any CPU.Build.0 = Release|Any CPU
	EndGlobalSection
	GlobalSection(SolutionProperties) = preSolution
		HideSolutionNode = FALSE
	EndGlobalSection
	GlobalSection(ExtensibilityGlobals) = postSolution
		SolutionGuid = {A40F3759-4AB6-483E-A906-6B3937B9177E}
	EndGlobalSection
EndGlobal
